// !$*UTF8*$!
{
	archiveVersion = 1;
	classes = {
	};
	objectVersion = 51;
	objects = {

/* Begin PBXBuildFile section */
		0603A5FF2530083E00F32ED4 /* GoogleService-Info.plist in Resources */ = {isa = PBXBuildFile; fileRef = 0603A5FE2530083E00F32ED4 /* GoogleService-Info.plist */; };
		0603A628253539BA00F32ED4 /* ReportContentViewController.swift in Sources */ = {isa = PBXBuildFile; fileRef = 0603A627253539BA00F32ED4 /* ReportContentViewController.swift */; };
		0620E491253D0E83003B14EA /* ValidationTests.swift in Sources */ = {isa = PBXBuildFile; fileRef = 0620E490253D0E83003B14EA /* ValidationTests.swift */; };
		0620E499253D20B8003B14EA /* InputErrors.swift in Sources */ = {isa = PBXBuildFile; fileRef = 0620E498253D20B8003B14EA /* InputErrors.swift */; };
		0620E4A3253EA6BE003B14EA /* DatabaseManagerTest.swift in Sources */ = {isa = PBXBuildFile; fileRef = 0620E4A2253EA6BE003B14EA /* DatabaseManagerTest.swift */; };
		068CBC5F250CFFFB00953DB4 /* Extensions.swift in Sources */ = {isa = PBXBuildFile; fileRef = 068CBC5E250CFFFB00953DB4 /* Extensions.swift */; };
		068CBC63250D200100953DB4 /* DatabaseManager.swift in Sources */ = {isa = PBXBuildFile; fileRef = 068CBC62250D200100953DB4 /* DatabaseManager.swift */; };
		068CBC65250D201B00953DB4 /* StorageManager.swift in Sources */ = {isa = PBXBuildFile; fileRef = 068CBC64250D201B00953DB4 /* StorageManager.swift */; };
		068CBC67250D476300953DB4 /* ConversationTableViewCell.swift in Sources */ = {isa = PBXBuildFile; fileRef = 068CBC66250D476300953DB4 /* ConversationTableViewCell.swift */; };
		068CBC69250D47A700953DB4 /* ConversationsModel.swift in Sources */ = {isa = PBXBuildFile; fileRef = 068CBC68250D47A700953DB4 /* ConversationsModel.swift */; };
		068CBC6D250D689F00953DB4 /* ChatViewController.swift in Sources */ = {isa = PBXBuildFile; fileRef = 068CBC6C250D689F00953DB4 /* ChatViewController.swift */; };
		068CBC6F250D71ED00953DB4 /* ChatModels.swift in Sources */ = {isa = PBXBuildFile; fileRef = 068CBC6E250D71ED00953DB4 /* ChatModels.swift */; };
		068CBC71250E8F2400953DB4 /* UserModel.swift in Sources */ = {isa = PBXBuildFile; fileRef = 068CBC70250E8F2400953DB4 /* UserModel.swift */; };
		06ABECD92540F90B006E7A1E /* ValidateInput.swift in Sources */ = {isa = PBXBuildFile; fileRef = 06ABECD82540F90B006E7A1E /* ValidateInput.swift */; };
		06ABECE12540FD2E006E7A1E /* Alert.swift in Sources */ = {isa = PBXBuildFile; fileRef = 06ABECE02540FD2E006E7A1E /* Alert.swift */; };
		06DE7223250CF6A400AA0CC7 /* AppDelegate.swift in Sources */ = {isa = PBXBuildFile; fileRef = 06DE7222250CF6A400AA0CC7 /* AppDelegate.swift */; };
		06DE7225250CF6A400AA0CC7 /* SceneDelegate.swift in Sources */ = {isa = PBXBuildFile; fileRef = 06DE7224250CF6A400AA0CC7 /* SceneDelegate.swift */; };
		06DE7227250CF6A400AA0CC7 /* ConversationsViewController.swift in Sources */ = {isa = PBXBuildFile; fileRef = 06DE7226250CF6A400AA0CC7 /* ConversationsViewController.swift */; };
		06DE722A250CF6A400AA0CC7 /* Main.storyboard in Resources */ = {isa = PBXBuildFile; fileRef = 06DE7228250CF6A400AA0CC7 /* Main.storyboard */; };
		06DE722C250CF6A600AA0CC7 /* Assets.xcassets in Resources */ = {isa = PBXBuildFile; fileRef = 06DE722B250CF6A600AA0CC7 /* Assets.xcassets */; };
		06DE722F250CF6A600AA0CC7 /* LaunchScreen.storyboard in Resources */ = {isa = PBXBuildFile; fileRef = 06DE722D250CF6A600AA0CC7 /* LaunchScreen.storyboard */; };
		06DE723D250CF82E00AA0CC7 /* LoginViewController.swift in Sources */ = {isa = PBXBuildFile; fileRef = 06DE723C250CF82E00AA0CC7 /* LoginViewController.swift */; };
		06DE723F250CF83A00AA0CC7 /* RegisterViewController.swift in Sources */ = {isa = PBXBuildFile; fileRef = 06DE723E250CF83A00AA0CC7 /* RegisterViewController.swift */; };
		06DE7243250CF87A00AA0CC7 /* NewConversationViewController.swift in Sources */ = {isa = PBXBuildFile; fileRef = 06DE7242250CF87A00AA0CC7 /* NewConversationViewController.swift */; };
		BD79C21A3988E8A0A4032F0D /* Pods_Hubb_App.framework in Frameworks */ = {isa = PBXBuildFile; fileRef = C749B45D619B2D6E6AA85DD6 /* Pods_Hubb_App.framework */; };
/* End PBXBuildFile section */

/* Begin PBXContainerItemProxy section */
		0620E489253D0B7F003B14EA /* PBXContainerItemProxy */ = {
			isa = PBXContainerItemProxy;
			containerPortal = 06DE7217250CF6A400AA0CC7 /* Project object */;
			proxyType = 1;
			remoteGlobalIDString = 06DE721E250CF6A400AA0CC7;
			remoteInfo = Hubb_App;
		};
/* End PBXContainerItemProxy section */

/* Begin PBXFileReference section */
		0603A5FE2530083E00F32ED4 /* GoogleService-Info.plist */ = {isa = PBXFileReference; fileEncoding = 4; lastKnownFileType = text.plist.xml; path = "GoogleService-Info.plist"; sourceTree = "<group>"; };
		0603A627253539BA00F32ED4 /* ReportContentViewController.swift */ = {isa = PBXFileReference; lastKnownFileType = sourcecode.swift; path = ReportContentViewController.swift; sourceTree = "<group>"; };
		0620E484253D0B7F003B14EA /* Hubb_AppTests.xctest */ = {isa = PBXFileReference; explicitFileType = wrapper.cfbundle; includeInIndex = 0; path = Hubb_AppTests.xctest; sourceTree = BUILT_PRODUCTS_DIR; };
		0620E488253D0B7F003B14EA /* Info.plist */ = {isa = PBXFileReference; lastKnownFileType = text.plist.xml; path = Info.plist; sourceTree = "<group>"; };
		0620E490253D0E83003B14EA /* ValidationTests.swift */ = {isa = PBXFileReference; lastKnownFileType = sourcecode.swift; path = ValidationTests.swift; sourceTree = "<group>"; };
		0620E498253D20B8003B14EA /* InputErrors.swift */ = {isa = PBXFileReference; lastKnownFileType = sourcecode.swift; path = InputErrors.swift; sourceTree = "<group>"; };
		0620E4A2253EA6BE003B14EA /* DatabaseManagerTest.swift */ = {isa = PBXFileReference; lastKnownFileType = sourcecode.swift; path = DatabaseManagerTest.swift; sourceTree = "<group>"; };
		068CBC5E250CFFFB00953DB4 /* Extensions.swift */ = {isa = PBXFileReference; lastKnownFileType = sourcecode.swift; path = Extensions.swift; sourceTree = "<group>"; };
		068CBC62250D200100953DB4 /* DatabaseManager.swift */ = {isa = PBXFileReference; lastKnownFileType = sourcecode.swift; path = DatabaseManager.swift; sourceTree = "<group>"; };
		068CBC64250D201B00953DB4 /* StorageManager.swift */ = {isa = PBXFileReference; lastKnownFileType = sourcecode.swift; path = StorageManager.swift; sourceTree = "<group>"; };
		068CBC66250D476300953DB4 /* ConversationTableViewCell.swift */ = {isa = PBXFileReference; lastKnownFileType = sourcecode.swift; path = ConversationTableViewCell.swift; sourceTree = "<group>"; };
		068CBC68250D47A700953DB4 /* ConversationsModel.swift */ = {isa = PBXFileReference; lastKnownFileType = sourcecode.swift; path = ConversationsModel.swift; sourceTree = "<group>"; };
		068CBC6C250D689F00953DB4 /* ChatViewController.swift */ = {isa = PBXFileReference; lastKnownFileType = sourcecode.swift; path = ChatViewController.swift; sourceTree = "<group>"; };
		068CBC6E250D71ED00953DB4 /* ChatModels.swift */ = {isa = PBXFileReference; lastKnownFileType = sourcecode.swift; path = ChatModels.swift; sourceTree = "<group>"; };
		068CBC70250E8F2400953DB4 /* UserModel.swift */ = {isa = PBXFileReference; lastKnownFileType = sourcecode.swift; path = UserModel.swift; sourceTree = "<group>"; };
		06ABECD82540F90B006E7A1E /* ValidateInput.swift */ = {isa = PBXFileReference; lastKnownFileType = sourcecode.swift; path = ValidateInput.swift; sourceTree = "<group>"; };
		06ABECE02540FD2E006E7A1E /* Alert.swift */ = {isa = PBXFileReference; lastKnownFileType = sourcecode.swift; path = Alert.swift; sourceTree = "<group>"; };
		06DE721F250CF6A400AA0CC7 /* Hubb_App.app */ = {isa = PBXFileReference; explicitFileType = wrapper.application; includeInIndex = 0; path = Hubb_App.app; sourceTree = BUILT_PRODUCTS_DIR; };
		06DE7222250CF6A400AA0CC7 /* AppDelegate.swift */ = {isa = PBXFileReference; lastKnownFileType = sourcecode.swift; path = AppDelegate.swift; sourceTree = "<group>"; };
		06DE7224250CF6A400AA0CC7 /* SceneDelegate.swift */ = {isa = PBXFileReference; lastKnownFileType = sourcecode.swift; path = SceneDelegate.swift; sourceTree = "<group>"; };
		06DE7226250CF6A400AA0CC7 /* ConversationsViewController.swift */ = {isa = PBXFileReference; lastKnownFileType = sourcecode.swift; path = ConversationsViewController.swift; sourceTree = "<group>"; };
		06DE7229250CF6A400AA0CC7 /* Base */ = {isa = PBXFileReference; lastKnownFileType = file.storyboard; name = Base; path = Base.lproj/Main.storyboard; sourceTree = "<group>"; };
		06DE722B250CF6A600AA0CC7 /* Assets.xcassets */ = {isa = PBXFileReference; lastKnownFileType = folder.assetcatalog; path = Assets.xcassets; sourceTree = "<group>"; };
		06DE722E250CF6A600AA0CC7 /* Base */ = {isa = PBXFileReference; lastKnownFileType = file.storyboard; name = Base; path = Base.lproj/LaunchScreen.storyboard; sourceTree = "<group>"; };
		06DE7230250CF6A600AA0CC7 /* Info.plist */ = {isa = PBXFileReference; lastKnownFileType = text.plist.xml; path = Info.plist; sourceTree = "<group>"; };
		06DE723C250CF82E00AA0CC7 /* LoginViewController.swift */ = {isa = PBXFileReference; lastKnownFileType = sourcecode.swift; path = LoginViewController.swift; sourceTree = "<group>"; };
		06DE723E250CF83A00AA0CC7 /* RegisterViewController.swift */ = {isa = PBXFileReference; lastKnownFileType = sourcecode.swift; path = RegisterViewController.swift; sourceTree = "<group>"; };
		06DE7242250CF87A00AA0CC7 /* NewConversationViewController.swift */ = {isa = PBXFileReference; lastKnownFileType = sourcecode.swift; path = NewConversationViewController.swift; sourceTree = "<group>"; };
		2C4FF498D88952A252DB5200 /* Pods-Hubb_App.debug.xcconfig */ = {isa = PBXFileReference; includeInIndex = 1; lastKnownFileType = text.xcconfig; name = "Pods-Hubb_App.debug.xcconfig"; path = "Target Support Files/Pods-Hubb_App/Pods-Hubb_App.debug.xcconfig"; sourceTree = "<group>"; };
		C749B45D619B2D6E6AA85DD6 /* Pods_Hubb_App.framework */ = {isa = PBXFileReference; explicitFileType = wrapper.framework; includeInIndex = 0; path = Pods_Hubb_App.framework; sourceTree = BUILT_PRODUCTS_DIR; };
		CE165C8CB40332761901A101 /* Pods-Hubb_App.release.xcconfig */ = {isa = PBXFileReference; includeInIndex = 1; lastKnownFileType = text.xcconfig; name = "Pods-Hubb_App.release.xcconfig"; path = "Target Support Files/Pods-Hubb_App/Pods-Hubb_App.release.xcconfig"; sourceTree = "<group>"; };
/* End PBXFileReference section */

/* Begin PBXFrameworksBuildPhase section */
		0620E481253D0B7F003B14EA /* Frameworks */ = {
			isa = PBXFrameworksBuildPhase;
			buildActionMask = 2147483647;
			files = (
			);
			runOnlyForDeploymentPostprocessing = 0;
		};
		06DE721C250CF6A400AA0CC7 /* Frameworks */ = {
			isa = PBXFrameworksBuildPhase;
			buildActionMask = 2147483647;
			files = (
				BD79C21A3988E8A0A4032F0D /* Pods_Hubb_App.framework in Frameworks */,
			);
			runOnlyForDeploymentPostprocessing = 0;
		};
/* End PBXFrameworksBuildPhase section */

/* Begin PBXGroup section */
		0620E485253D0B7F003B14EA /* Hubb_AppTests */ = {
			isa = PBXGroup;
			children = (
				0620E488253D0B7F003B14EA /* Info.plist */,
				0620E490253D0E83003B14EA /* ValidationTests.swift */,
				0620E4A2253EA6BE003B14EA /* DatabaseManagerTest.swift */,
			);
			path = Hubb_AppTests;
			sourceTree = "<group>";
		};
		06DE7216250CF6A400AA0CC7 = {
			isa = PBXGroup;
			children = (
				06DE7221250CF6A400AA0CC7 /* Hubb_App */,
				0620E485253D0B7F003B14EA /* Hubb_AppTests */,
				06DE7220250CF6A400AA0CC7 /* Products */,
				DFC7E097EBC2F3E2EDB9B075 /* Pods */,
				D054F7427AE09B50076FC6AC /* Frameworks */,
			);
			sourceTree = "<group>";
		};
		06DE7220250CF6A400AA0CC7 /* Products */ = {
			isa = PBXGroup;
			children = (
				06DE721F250CF6A400AA0CC7 /* Hubb_App.app */,
				0620E484253D0B7F003B14EA /* Hubb_AppTests.xctest */,
			);
			name = Products;
			sourceTree = "<group>";
		};
		06DE7221250CF6A400AA0CC7 /* Hubb_App */ = {
			isa = PBXGroup;
			children = (
				0603A5FE2530083E00F32ED4 /* GoogleService-Info.plist */,
				06DE723A250CF74A00AA0CC7 /* Resources */,
				06DE7239250CF74500AA0CC7 /* ViewModels */,
				06DE7238250CF73F00AA0CC7 /* Models */,
				06DE7237250CF73B00AA0CC7 /* Views */,
				06DE7236250CF73500AA0CC7 /* Controllers */,
				06DE7230250CF6A600AA0CC7 /* Info.plist */,
			);
			path = Hubb_App;
			sourceTree = "<group>";
		};
		06DE7236250CF73500AA0CC7 /* Controllers */ = {
			isa = PBXGroup;
			children = (
				06DE7246250CF8C600AA0CC7 /* Login */,
				06DE7226250CF6A400AA0CC7 /* ConversationsViewController.swift */,
				06DE7242250CF87A00AA0CC7 /* NewConversationViewController.swift */,
				068CBC6C250D689F00953DB4 /* ChatViewController.swift */,
				0603A627253539BA00F32ED4 /* ReportContentViewController.swift */,
			);
			path = Controllers;
			sourceTree = "<group>";
		};
		06DE7237250CF73B00AA0CC7 /* Views */ = {
			isa = PBXGroup;
			children = (
				06DE723B250CF76D00AA0CC7 /* Storyboards */,
				06DE722B250CF6A600AA0CC7 /* Assets.xcassets */,
				068CBC66250D476300953DB4 /* ConversationTableViewCell.swift */,
			);
			path = Views;
			sourceTree = "<group>";
		};
		06DE7238250CF73F00AA0CC7 /* Models */ = {
			isa = PBXGroup;
			children = (
				068CBC68250D47A700953DB4 /* ConversationsModel.swift */,
				068CBC6E250D71ED00953DB4 /* ChatModels.swift */,
				068CBC70250E8F2400953DB4 /* UserModel.swift */,
				0620E498253D20B8003B14EA /* InputErrors.swift */,
				06ABECD82540F90B006E7A1E /* ValidateInput.swift */,
				06ABECE02540FD2E006E7A1E /* Alert.swift */,
			);
			path = Models;
			sourceTree = "<group>";
		};
		06DE7239250CF74500AA0CC7 /* ViewModels */ = {
			isa = PBXGroup;
			children = (
			);
			path = ViewModels;
			sourceTree = "<group>";
		};
		06DE723A250CF74A00AA0CC7 /* Resources */ = {
			isa = PBXGroup;
			children = (
				06DE7222250CF6A400AA0CC7 /* AppDelegate.swift */,
				06DE7224250CF6A400AA0CC7 /* SceneDelegate.swift */,
				068CBC5E250CFFFB00953DB4 /* Extensions.swift */,
				068CBC62250D200100953DB4 /* DatabaseManager.swift */,
				068CBC64250D201B00953DB4 /* StorageManager.swift */,
			);
			path = Resources;
			sourceTree = "<group>";
		};
		06DE723B250CF76D00AA0CC7 /* Storyboards */ = {
			isa = PBXGroup;
			children = (
				06DE722D250CF6A600AA0CC7 /* LaunchScreen.storyboard */,
				06DE7228250CF6A400AA0CC7 /* Main.storyboard */,
			);
			path = Storyboards;
			sourceTree = "<group>";
		};
		06DE7246250CF8C600AA0CC7 /* Login */ = {
			isa = PBXGroup;
			children = (
				06DE723C250CF82E00AA0CC7 /* LoginViewController.swift */,
				06DE723E250CF83A00AA0CC7 /* RegisterViewController.swift */,
			);
			path = Login;
			sourceTree = "<group>";
		};
		D054F7427AE09B50076FC6AC /* Frameworks */ = {
			isa = PBXGroup;
			children = (
				C749B45D619B2D6E6AA85DD6 /* Pods_Hubb_App.framework */,
			);
			name = Frameworks;
			sourceTree = "<group>";
		};
		DFC7E097EBC2F3E2EDB9B075 /* Pods */ = {
			isa = PBXGroup;
			children = (
				2C4FF498D88952A252DB5200 /* Pods-Hubb_App.debug.xcconfig */,
				CE165C8CB40332761901A101 /* Pods-Hubb_App.release.xcconfig */,
			);
			path = Pods;
			sourceTree = "<group>";
		};
/* End PBXGroup section */

/* Begin PBXNativeTarget section */
		0620E483253D0B7F003B14EA /* Hubb_AppTests */ = {
			isa = PBXNativeTarget;
			buildConfigurationList = 0620E48B253D0B7F003B14EA /* Build configuration list for PBXNativeTarget "Hubb_AppTests" */;
			buildPhases = (
				0620E480253D0B7F003B14EA /* Sources */,
				0620E481253D0B7F003B14EA /* Frameworks */,
				0620E482253D0B7F003B14EA /* Resources */,
			);
			buildRules = (
			);
			dependencies = (
				0620E48A253D0B7F003B14EA /* PBXTargetDependency */,
			);
			name = Hubb_AppTests;
			productName = Hubb_AppTests;
			productReference = 0620E484253D0B7F003B14EA /* Hubb_AppTests.xctest */;
			productType = "com.apple.product-type.bundle.unit-test";
		};
		06DE721E250CF6A400AA0CC7 /* Hubb_App */ = {
			isa = PBXNativeTarget;
			buildConfigurationList = 06DE7233250CF6A600AA0CC7 /* Build configuration list for PBXNativeTarget "Hubb_App" */;
			buildPhases = (
				5248F17BF2BE1D5E9CD3B31B /* [CP] Check Pods Manifest.lock */,
				06DE721B250CF6A400AA0CC7 /* Sources */,
				06DE721C250CF6A400AA0CC7 /* Frameworks */,
				06DE721D250CF6A400AA0CC7 /* Resources */,
				3B2E06A87BCA32F6015E0CA7 /* [CP] Embed Pods Frameworks */,
				06ABECD52540F614006E7A1E /* ShellScript */,
			);
			buildRules = (
			);
			dependencies = (
			);
			name = Hubb_App;
			productName = Hubb_App;
			productReference = 06DE721F250CF6A400AA0CC7 /* Hubb_App.app */;
			productType = "com.apple.product-type.application";
		};
/* End PBXNativeTarget section */

/* Begin PBXProject section */
		06DE7217250CF6A400AA0CC7 /* Project object */ = {
			isa = PBXProject;
			attributes = {
				LastSwiftUpdateCheck = 1200;
				LastUpgradeCheck = 1200;
				ORGANIZATIONNAME = Hubb;
				TargetAttributes = {
					0620E483253D0B7F003B14EA = {
						CreatedOnToolsVersion = 12.0.1;
						TestTargetID = 06DE721E250CF6A400AA0CC7;
					};
					06DE721E250CF6A400AA0CC7 = {
						CreatedOnToolsVersion = 11.6;
					};
				};
			};
			buildConfigurationList = 06DE721A250CF6A400AA0CC7 /* Build configuration list for PBXProject "Hubb_App" */;
			compatibilityVersion = "Xcode 9.3";
			developmentRegion = en;
			hasScannedForEncodings = 0;
			knownRegions = (
				en,
				Base,
			);
			mainGroup = 06DE7216250CF6A400AA0CC7;
			productRefGroup = 06DE7220250CF6A400AA0CC7 /* Products */;
			projectDirPath = "";
			projectRoot = "";
			targets = (
				06DE721E250CF6A400AA0CC7 /* Hubb_App */,
				0620E483253D0B7F003B14EA /* Hubb_AppTests */,
			);
		};
/* End PBXProject section */

/* Begin PBXResourcesBuildPhase section */
		0620E482253D0B7F003B14EA /* Resources */ = {
			isa = PBXResourcesBuildPhase;
			buildActionMask = 2147483647;
			files = (
			);
			runOnlyForDeploymentPostprocessing = 0;
		};
		06DE721D250CF6A400AA0CC7 /* Resources */ = {
			isa = PBXResourcesBuildPhase;
			buildActionMask = 2147483647;
			files = (
				06DE722F250CF6A600AA0CC7 /* LaunchScreen.storyboard in Resources */,
				06DE722C250CF6A600AA0CC7 /* Assets.xcassets in Resources */,
				0603A5FF2530083E00F32ED4 /* GoogleService-Info.plist in Resources */,
				06DE722A250CF6A400AA0CC7 /* Main.storyboard in Resources */,
			);
			runOnlyForDeploymentPostprocessing = 0;
		};
/* End PBXResourcesBuildPhase section */

/* Begin PBXShellScriptBuildPhase section */
		06ABECD52540F614006E7A1E /* ShellScript */ = {
			isa = PBXShellScriptBuildPhase;
			buildActionMask = 2147483647;
			files = (
			);
			inputFileListPaths = (
			);
			inputPaths = (
			);
			outputFileListPaths = (
			);
			outputPaths = (
			);
			runOnlyForDeploymentPostprocessing = 0;
			shellPath = /bin/sh;
			shellScript = "\"${PODS_ROOT}/FirebaseCrashlytics/run\"\n";
		};
		3B2E06A87BCA32F6015E0CA7 /* [CP] Embed Pods Frameworks */ = {
			isa = PBXShellScriptBuildPhase;
			buildActionMask = 2147483647;
			files = (
			);
			inputFileListPaths = (
				"${PODS_ROOT}/Target Support Files/Pods-Hubb_App/Pods-Hubb_App-frameworks-${CONFIGURATION}-input-files.xcfilelist",
			);
			name = "[CP] Embed Pods Frameworks";
			outputFileListPaths = (
				"${PODS_ROOT}/Target Support Files/Pods-Hubb_App/Pods-Hubb_App-frameworks-${CONFIGURATION}-output-files.xcfilelist",
			);
			runOnlyForDeploymentPostprocessing = 0;
			shellPath = /bin/sh;
			shellScript = "\"${PODS_ROOT}/Target Support Files/Pods-Hubb_App/Pods-Hubb_App-frameworks.sh\"\n";
			showEnvVarsInLog = 0;
		};
		5248F17BF2BE1D5E9CD3B31B /* [CP] Check Pods Manifest.lock */ = {
			isa = PBXShellScriptBuildPhase;
			buildActionMask = 2147483647;
			files = (
			);
			inputFileListPaths = (
			);
			inputPaths = (
				"${PODS_PODFILE_DIR_PATH}/Podfile.lock",
				"${PODS_ROOT}/Manifest.lock",
			);
			name = "[CP] Check Pods Manifest.lock";
			outputFileListPaths = (
			);
			outputPaths = (
				"$(DERIVED_FILE_DIR)/Pods-Hubb_App-checkManifestLockResult.txt",
			);
			runOnlyForDeploymentPostprocessing = 0;
			shellPath = /bin/sh;
			shellScript = "diff \"${PODS_PODFILE_DIR_PATH}/Podfile.lock\" \"${PODS_ROOT}/Manifest.lock\" > /dev/null\nif [ $? != 0 ] ; then\n    # print error to STDERR\n    echo \"error: The sandbox is not in sync with the Podfile.lock. Run 'pod install' or update your CocoaPods installation.\" >&2\n    exit 1\nfi\n# This output is used by Xcode 'outputs' to avoid re-running this script phase.\necho \"SUCCESS\" > \"${SCRIPT_OUTPUT_FILE_0}\"\n";
			showEnvVarsInLog = 0;
		};
/* End PBXShellScriptBuildPhase section */

/* Begin PBXSourcesBuildPhase section */
		0620E480253D0B7F003B14EA /* Sources */ = {
			isa = PBXSourcesBuildPhase;
			buildActionMask = 2147483647;
			files = (
				0620E4A3253EA6BE003B14EA /* DatabaseManagerTest.swift in Sources */,
				0620E491253D0E83003B14EA /* ValidationTests.swift in Sources */,
			);
			runOnlyForDeploymentPostprocessing = 0;
		};
		06DE721B250CF6A400AA0CC7 /* Sources */ = {
			isa = PBXSourcesBuildPhase;
			buildActionMask = 2147483647;
			files = (
				068CBC69250D47A700953DB4 /* ConversationsModel.swift in Sources */,
				06DE723D250CF82E00AA0CC7 /* LoginViewController.swift in Sources */,
				068CBC5F250CFFFB00953DB4 /* Extensions.swift in Sources */,
				068CBC65250D201B00953DB4 /* StorageManager.swift in Sources */,
				068CBC63250D200100953DB4 /* DatabaseManager.swift in Sources */,
				06DE7243250CF87A00AA0CC7 /* NewConversationViewController.swift in Sources */,
				06DE723F250CF83A00AA0CC7 /* RegisterViewController.swift in Sources */,
				068CBC71250E8F2400953DB4 /* UserModel.swift in Sources */,
				06DE7227250CF6A400AA0CC7 /* ConversationsViewController.swift in Sources */,
				06DE7223250CF6A400AA0CC7 /* AppDelegate.swift in Sources */,
				06ABECE12540FD2E006E7A1E /* Alert.swift in Sources */,
				068CBC67250D476300953DB4 /* ConversationTableViewCell.swift in Sources */,
				0603A628253539BA00F32ED4 /* ReportContentViewController.swift in Sources */,
				06ABECD92540F90B006E7A1E /* ValidateInput.swift in Sources */,
				06DE7225250CF6A400AA0CC7 /* SceneDelegate.swift in Sources */,
				068CBC6D250D689F00953DB4 /* ChatViewController.swift in Sources */,
				0620E499253D20B8003B14EA /* InputErrors.swift in Sources */,
				068CBC6F250D71ED00953DB4 /* ChatModels.swift in Sources */,
			);
			runOnlyForDeploymentPostprocessing = 0;
		};
/* End PBXSourcesBuildPhase section */

/* Begin PBXTargetDependency section */
		0620E48A253D0B7F003B14EA /* PBXTargetDependency */ = {
			isa = PBXTargetDependency;
			target = 06DE721E250CF6A400AA0CC7 /* Hubb_App */;
			targetProxy = 0620E489253D0B7F003B14EA /* PBXContainerItemProxy */;
		};
/* End PBXTargetDependency section */

/* Begin PBXVariantGroup section */
		06DE7228250CF6A400AA0CC7 /* Main.storyboard */ = {
			isa = PBXVariantGroup;
			children = (
				06DE7229250CF6A400AA0CC7 /* Base */,
			);
			name = Main.storyboard;
			sourceTree = "<group>";
		};
		06DE722D250CF6A600AA0CC7 /* LaunchScreen.storyboard */ = {
			isa = PBXVariantGroup;
			children = (
				06DE722E250CF6A600AA0CC7 /* Base */,
			);
			name = LaunchScreen.storyboard;
			sourceTree = "<group>";
		};
/* End PBXVariantGroup section */

/* Begin XCBuildConfiguration section */
		0620E48C253D0B7F003B14EA /* Debug */ = {
			isa = XCBuildConfiguration;
			buildSettings = {
				BUNDLE_LOADER = "$(TEST_HOST)";
				CODE_SIGN_STYLE = Automatic;
				DEVELOPMENT_TEAM = 7PTZ99A86Z;
				HEADER_SEARCH_PATHS = "${SRCROOT}/Pods/Firebase/CoreOnly/Sources";
				INFOPLIST_FILE = Hubb_AppTests/Info.plist;
				IPHONEOS_DEPLOYMENT_TARGET = 14.0;
				LD_RUNPATH_SEARCH_PATHS = (
					"$(inherited)",
					"@executable_path/Frameworks",
					"@loader_path/Frameworks",
				);
				PRODUCT_BUNDLE_IDENTIFIER = "com.Hubb.Hubb-AppTests";
				PRODUCT_NAME = "$(TARGET_NAME)";
				SWIFT_VERSION = 5.0;
				TARGETED_DEVICE_FAMILY = "1,2";
				TEST_HOST = "$(BUILT_PRODUCTS_DIR)/Hubb_App.app/Hubb_App";
			};
			name = Debug;
		};
		0620E48D253D0B7F003B14EA /* Release */ = {
			isa = XCBuildConfiguration;
			buildSettings = {
				BUNDLE_LOADER = "$(TEST_HOST)";
				CODE_SIGN_STYLE = Automatic;
				DEVELOPMENT_TEAM = 7PTZ99A86Z;
				HEADER_SEARCH_PATHS = "${SRCROOT}/Pods/Firebase/CoreOnly/Sources";
				INFOPLIST_FILE = Hubb_AppTests/Info.plist;
				IPHONEOS_DEPLOYMENT_TARGET = 14.0;
				LD_RUNPATH_SEARCH_PATHS = (
					"$(inherited)",
					"@executable_path/Frameworks",
					"@loader_path/Frameworks",
				);
				PRODUCT_BUNDLE_IDENTIFIER = "com.Hubb.Hubb-AppTests";
				PRODUCT_NAME = "$(TARGET_NAME)";
				SWIFT_VERSION = 5.0;
				TARGETED_DEVICE_FAMILY = "1,2";
				TEST_HOST = "$(BUILT_PRODUCTS_DIR)/Hubb_App.app/Hubb_App";
			};
			name = Release;
		};
		06DE7231250CF6A600AA0CC7 /* Debug */ = {
			isa = XCBuildConfiguration;
			buildSettings = {
				ALWAYS_SEARCH_USER_PATHS = NO;
				CLANG_ANALYZER_NONNULL = YES;
				CLANG_ANALYZER_NUMBER_OBJECT_CONVERSION = YES_AGGRESSIVE;
				CLANG_CXX_LANGUAGE_STANDARD = "gnu++14";
				CLANG_CXX_LIBRARY = "libc++";
				CLANG_ENABLE_MODULES = YES;
				CLANG_ENABLE_OBJC_ARC = YES;
				CLANG_ENABLE_OBJC_WEAK = YES;
				CLANG_WARN_BLOCK_CAPTURE_AUTORELEASING = YES;
				CLANG_WARN_BOOL_CONVERSION = YES;
				CLANG_WARN_COMMA = YES;
				CLANG_WARN_CONSTANT_CONVERSION = YES;
				CLANG_WARN_DEPRECATED_OBJC_IMPLEMENTATIONS = YES;
				CLANG_WARN_DIRECT_OBJC_ISA_USAGE = YES_ERROR;
				CLANG_WARN_DOCUMENTATION_COMMENTS = YES;
				CLANG_WARN_EMPTY_BODY = YES;
				CLANG_WARN_ENUM_CONVERSION = YES;
				CLANG_WARN_INFINITE_RECURSION = YES;
				CLANG_WARN_INT_CONVERSION = YES;
				CLANG_WARN_NON_LITERAL_NULL_CONVERSION = YES;
				CLANG_WARN_OBJC_IMPLICIT_RETAIN_SELF = YES;
				CLANG_WARN_OBJC_LITERAL_CONVERSION = YES;
				CLANG_WARN_OBJC_ROOT_CLASS = YES_ERROR;
				CLANG_WARN_QUOTED_INCLUDE_IN_FRAMEWORK_HEADER = YES;
				CLANG_WARN_RANGE_LOOP_ANALYSIS = YES;
				CLANG_WARN_STRICT_PROTOTYPES = YES;
				CLANG_WARN_SUSPICIOUS_MOVE = YES;
				CLANG_WARN_UNGUARDED_AVAILABILITY = YES_AGGRESSIVE;
				CLANG_WARN_UNREACHABLE_CODE = YES;
				CLANG_WARN__DUPLICATE_METHOD_MATCH = YES;
				COPY_PHASE_STRIP = NO;
				DEBUG_INFORMATION_FORMAT = dwarf;
				ENABLE_STRICT_OBJC_MSGSEND = YES;
				ENABLE_TESTABILITY = YES;
				GCC_C_LANGUAGE_STANDARD = gnu11;
				GCC_DYNAMIC_NO_PIC = NO;
				GCC_NO_COMMON_BLOCKS = YES;
				GCC_OPTIMIZATION_LEVEL = 0;
				GCC_PREPROCESSOR_DEFINITIONS = (
					"DEBUG=1",
					"$(inherited)",
				);
				GCC_WARN_64_TO_32_BIT_CONVERSION = YES;
				GCC_WARN_ABOUT_RETURN_TYPE = YES_ERROR;
				GCC_WARN_UNDECLARED_SELECTOR = YES;
				GCC_WARN_UNINITIALIZED_AUTOS = YES_AGGRESSIVE;
				GCC_WARN_UNUSED_FUNCTION = YES;
				GCC_WARN_UNUSED_VARIABLE = YES;
				IPHONEOS_DEPLOYMENT_TARGET = 13.6;
				MTL_ENABLE_DEBUG_INFO = INCLUDE_SOURCE;
				MTL_FAST_MATH = YES;
				ONLY_ACTIVE_ARCH = YES;
				SDKROOT = iphoneos;
				SWIFT_ACTIVE_COMPILATION_CONDITIONS = DEBUG;
				SWIFT_OPTIMIZATION_LEVEL = "-Onone";
			};
			name = Debug;
		};
		06DE7232250CF6A600AA0CC7 /* Release */ = {
			isa = XCBuildConfiguration;
			buildSettings = {
				ALWAYS_SEARCH_USER_PATHS = NO;
				CLANG_ANALYZER_NONNULL = YES;
				CLANG_ANALYZER_NUMBER_OBJECT_CONVERSION = YES_AGGRESSIVE;
				CLANG_CXX_LANGUAGE_STANDARD = "gnu++14";
				CLANG_CXX_LIBRARY = "libc++";
				CLANG_ENABLE_MODULES = YES;
				CLANG_ENABLE_OBJC_ARC = YES;
				CLANG_ENABLE_OBJC_WEAK = YES;
				CLANG_WARN_BLOCK_CAPTURE_AUTORELEASING = YES;
				CLANG_WARN_BOOL_CONVERSION = YES;
				CLANG_WARN_COMMA = YES;
				CLANG_WARN_CONSTANT_CONVERSION = YES;
				CLANG_WARN_DEPRECATED_OBJC_IMPLEMENTATIONS = YES;
				CLANG_WARN_DIRECT_OBJC_ISA_USAGE = YES_ERROR;
				CLANG_WARN_DOCUMENTATION_COMMENTS = YES;
				CLANG_WARN_EMPTY_BODY = YES;
				CLANG_WARN_ENUM_CONVERSION = YES;
				CLANG_WARN_INFINITE_RECURSION = YES;
				CLANG_WARN_INT_CONVERSION = YES;
				CLANG_WARN_NON_LITERAL_NULL_CONVERSION = YES;
				CLANG_WARN_OBJC_IMPLICIT_RETAIN_SELF = YES;
				CLANG_WARN_OBJC_LITERAL_CONVERSION = YES;
				CLANG_WARN_OBJC_ROOT_CLASS = YES_ERROR;
				CLANG_WARN_QUOTED_INCLUDE_IN_FRAMEWORK_HEADER = YES;
				CLANG_WARN_RANGE_LOOP_ANALYSIS = YES;
				CLANG_WARN_STRICT_PROTOTYPES = YES;
				CLANG_WARN_SUSPICIOUS_MOVE = YES;
				CLANG_WARN_UNGUARDED_AVAILABILITY = YES_AGGRESSIVE;
				CLANG_WARN_UNREACHABLE_CODE = YES;
				CLANG_WARN__DUPLICATE_METHOD_MATCH = YES;
				COPY_PHASE_STRIP = NO;
				DEBUG_INFORMATION_FORMAT = "dwarf-with-dsym";
				ENABLE_NS_ASSERTIONS = NO;
				ENABLE_STRICT_OBJC_MSGSEND = YES;
				GCC_C_LANGUAGE_STANDARD = gnu11;
				GCC_NO_COMMON_BLOCKS = YES;
				GCC_WARN_64_TO_32_BIT_CONVERSION = YES;
				GCC_WARN_ABOUT_RETURN_TYPE = YES_ERROR;
				GCC_WARN_UNDECLARED_SELECTOR = YES;
				GCC_WARN_UNINITIALIZED_AUTOS = YES_AGGRESSIVE;
				GCC_WARN_UNUSED_FUNCTION = YES;
				GCC_WARN_UNUSED_VARIABLE = YES;
				IPHONEOS_DEPLOYMENT_TARGET = 13.6;
				MTL_ENABLE_DEBUG_INFO = NO;
				MTL_FAST_MATH = YES;
				SDKROOT = iphoneos;
				SWIFT_COMPILATION_MODE = wholemodule;
				SWIFT_OPTIMIZATION_LEVEL = "-O";
				VALIDATE_PRODUCT = YES;
			};
			name = Release;
		};
		06DE7234250CF6A600AA0CC7 /* Debug */ = {
			isa = XCBuildConfiguration;
			baseConfigurationReference = 2C4FF498D88952A252DB5200 /* Pods-Hubb_App.debug.xcconfig */;
			buildSettings = {
				ASSETCATALOG_COMPILER_APPICON_NAME = AppIcon;
				CODE_SIGN_IDENTITY = "iPhone Developer: Noah Placzek (UFQ38JZ76Z)";
				CODE_SIGN_STYLE = Manual;
				CURRENT_PROJECT_VERSION = 5;
				DEBUG_INFORMATION_FORMAT = "dwarf-with-dsym";
				DEVELOPMENT_TEAM = 7PTZ99A86Z;
				INFOPLIST_FILE = Hubb_App/Info.plist;
				IPHONEOS_DEPLOYMENT_TARGET = 13.6;
				LD_RUNPATH_SEARCH_PATHS = (
					"$(inherited)",
					"@executable_path/Frameworks",
				);
				PRODUCT_BUNDLE_IDENTIFIER = "com.Hubb.Hubb-App";
				PRODUCT_NAME = "$(TARGET_NAME)";
				PROVISIONING_PROFILE_SPECIFIER = HubbDevelopmentProfile;
				SWIFT_VERSION = 5.0;
				TARGETED_DEVICE_FAMILY = 1;
			};
			name = Debug;
		};
		06DE7235250CF6A600AA0CC7 /* Release */ = {
			isa = XCBuildConfiguration;
			baseConfigurationReference = CE165C8CB40332761901A101 /* Pods-Hubb_App.release.xcconfig */;
			buildSettings = {
				ASSETCATALOG_COMPILER_APPICON_NAME = AppIcon;
				CODE_SIGN_IDENTITY = "Apple Distribution: Noah Placzek (7PTZ99A86Z)";
				CODE_SIGN_STYLE = Manual;
				CURRENT_PROJECT_VERSION = 5;
				DEVELOPMENT_TEAM = 7PTZ99A86Z;
				INFOPLIST_FILE = Hubb_App/Info.plist;
				IPHONEOS_DEPLOYMENT_TARGET = 13.6;
				LD_RUNPATH_SEARCH_PATHS = (
					"$(inherited)",
					"@executable_path/Frameworks",
				);
				PRODUCT_BUNDLE_IDENTIFIER = "com.Hubb.Hubb-App";
				PRODUCT_NAME = "$(TARGET_NAME)";
				PROVISIONING_PROFILE_SPECIFIER = HubbAppStoreProfile;
				SWIFT_VERSION = 5.0;
				TARGETED_DEVICE_FAMILY = 1;
			};
			name = Release;
		};
/* End XCBuildConfiguration section */

/* Begin XCConfigurationList section */
		0620E48B253D0B7F003B14EA /* Build configuration list for PBXNativeTarget "Hubb_AppTests" */ = {
			isa = XCConfigurationList;
			buildConfigurations = (
				0620E48C253D0B7F003B14EA /* Debug */,
				0620E48D253D0B7F003B14EA /* Release */,
			);
			defaultConfigurationIsVisible = 0;
			defaultConfigurationName = Release;
		};
		06DE721A250CF6A400AA0CC7 /* Build configuration list for PBXProject "Hubb_App" */ = {
			isa = XCConfigurationList;
			buildConfigurations = (
				06DE7231250CF6A600AA0CC7 /* Debug */,
				06DE7232250CF6A600AA0CC7 /* Release */,
			);
			defaultConfigurationIsVisible = 0;
			defaultConfigurationName = Release;
		};
		06DE7233250CF6A600AA0CC7 /* Build configuration list for PBXNativeTarget "Hubb_App" */ = {
			isa = XCConfigurationList;
			buildConfigurations = (
				06DE7234250CF6A600AA0CC7 /* Debug */,
				06DE7235250CF6A600AA0CC7 /* Release */,
			);
			defaultConfigurationIsVisible = 0;
			defaultConfigurationName = Release;
		};
/* End XCConfigurationList section */
	};
	rootObject = 06DE7217250CF6A400AA0CC7 /* Project object */;
}
